<?xml version="1.0" encoding="utf-8"?>
<Project ToolsVersion="4.0" xmlns="http://schemas.microsoft.com/developer/msbuild/2003">
  <ItemGroup>
    <Filter Include="Source Files">
      <UniqueIdentifier>{4FC737F1-C7A5-4376-A066-2A32D752A2FF}</UniqueIdentifier>
      <Extensions>cpp;c;cc;cxx;def;odl;idl;hpj;bat;asm;asmx</Extensions>
    </Filter>
    <Filter Include="Header Files">
      <UniqueIdentifier>{93995380-89BD-4b04-88EB-625FBE52EBFB}</UniqueIdentifier>
      <Extensions>h;hh;hpp;hxx;hm;inl;inc;xsd</Extensions>
    </Filter>
    <Filter Include="Resource Files">
      <UniqueIdentifier>{67DA6AB6-F800-4c08-8B7A-83BB121AAD01}</UniqueIdentifier>
      <Extensions>rc;ico;cur;bmp;dlg;rc2;rct;bin;rgs;gif;jpg;jpeg;jpe;resx;tiff;tif;png;wav;mfcribbon-ms</Extensions>
    </Filter>
  </ItemGroup>
  <ItemGroup>
    <ClInclude Include="igvCamara.h">
      <Filter>Header Files</Filter>
    </ClInclude>
    <ClInclude Include="igvColor.h">
      <Filter>Header Files</Filter>
    </ClInclude>
    <ClInclude Include="igvEscena3D.h">
      <Filter>Header Files</Filter>
    </ClInclude>
    <ClInclude Include="igvFuenteLuz.h">
      <Filter>Header Files</Filter>
    </ClInclude>
    <ClInclude Include="igvInterfaz.h">
      <Filter>Header Files</Filter>
    </ClInclude>
    <ClInclude Include="igvMaterial.h">
      <Filter>Header Files</Filter>
    </ClInclude>
    <ClInclude Include="igvPunto3D.h">
      <Filter>Header Files</Filter>
    </ClInclude>
    <ClInclude Include="TAPBezier.h">
      <Filter>Header Files</Filter>
    </ClInclude>
    <ClInclude Include="TAPLinearInterpolation.h">
      <Filter>Header Files</Filter>
    </ClInclude>
    <ClInclude Include="TAPMotionController.h">
      <Filter>Header Files</Filter>
    </ClInclude>
    <ClInclude Include="TAPSpeedController.h">
      <Filter>Header Files</Filter>
    </ClInclude>
    <ClInclude Include="TAPSphericalInterpolation.h">
      <Filter>Header Files</Filter>
    </ClInclude>
    <ClInclude Include="TAPStereoscopicCamera.h">
      <Filter>Header Files</Filter>
    </ClInclude>
  </ItemGroup>
  <ItemGroup>
    <ClCompile Include="igvCamara.cpp">
      <Filter>Source Files</Filter>
    </ClCompile>
    <ClCompile Include="igvColor.cpp">
      <Filter>Source Files</Filter>
    </ClCompile>
    <ClCompile Include="igvEscena3D.cpp">
      <Filter>Source Files</Filter>
    </ClCompile>
    <ClCompile Include="igvFuenteLuz.cpp">
      <Filter>Source Files</Filter>
    </ClCompile>
    <ClCompile Include="igvInterfaz.cpp">
      <Filter>Source Files</Filter>
    </ClCompile>
    <ClCompile Include="igvMaterial.cpp">
      <Filter>Source Files</Filter>
    </ClCompile>
    <ClCompile Include="igvPunto3D.cpp">
      <Filter>Source Files</Filter>
    </ClCompile>
    <ClCompile Include="main.cpp">
      <Filter>Source Files</Filter>
    </ClCompile>
    <ClCompile Include="TAPBezier.cpp">
      <Filter>Source Files</Filter>
    </ClCompile>
    <ClCompile Include="TAPLinearInterpolation.cpp">
      <Filter>Source Files</Filter>
    </ClCompile>
    <ClCompile Include="TAPMotionController.cpp">
      <Filter>Source Files</Filter>
    </ClCompile>
    <ClCompile Include="TAPSpeedController.cpp">
      <Filter>Source Files</Filter>
    </ClCompile>
    <ClCompile Include="TAPSphericalInterpolation.cpp">
      <Filter>Source Files</Filter>
    </ClCompile>
    <ClCompile Include="TAPStereoscopicCamera.cpp">
      <Filter>Source Files</Filter>
    </ClCompile>
  </ItemGroup>
  <ItemGroup>
    <Text Include="bezier.txt">
      <Filter>Resource Files</Filter>
    </Text>
    <Text Include="sphericalInterpolation.txt">
      <Filter>Resource Files</Filter>
    </Text>
  </ItemGroup>
</Project>